
Microsoft Visual Studio Solution File, Format Version 12.00
# Visual Studio Version 17
VisualStudioVersion = 17.3.32901.215
MinimumVisualStudioVersion = 10.0.40219.1
Project("{FAE04EC0-301F-11D3-BF4B-00C04F79EFBC}") = "AugmentoLabs", "AugmentoLabs\AugmentoLabs.csproj", "{AD8D69D8-AF37-4829-8D34-E60D224780C8}"
EndProject
Project("{FAE04EC0-301F-11D3-BF4B-00C04F79EFBC}") = "AugmentoLabsTest", "AugmentoLabsTest\AugmentoLabsTest.csproj", "{B615CDBA-ECB9-415B-9F1C-368EC4E8737C}"
EndProject
Global
	GlobalSection(SolutionConfigurationPlatforms) = preSolution
		Debug|Any CPU = Debug|Any CPU
		Release|Any CPU = Release|Any CPU
	EndGlobalSection
	GlobalSection(ProjectConfigurationPlatforms) = postSolution
		{AD8D69D8-AF37-4829-8D34-E60D224780C8}.Debug|Any CPU.ActiveCfg = Debug|Any CPU
		{AD8D69D8-AF37-4829-8D34-E60D224780C8}.Debug|Any CPU.Build.0 = Debug|Any CPU
		{AD8D69D8-AF37-4829-8D34-E60D224780C8}.Release|Any CPU.ActiveCfg = Release|Any CPU
		{AD8D69D8-AF37-4829-8D34-E60D224780C8}.Release|Any CPU.Build.0 = Release|Any CPU
		{B615CDBA-ECB9-415B-9F1C-368EC4E8737C}.Debug|Any CPU.ActiveCfg = Debug|Any CPU
		{B615CDBA-ECB9-415B-9F1C-368EC4E8737C}.Debug|Any CPU.Build.0 = Debug|Any CPU
		{B615CDBA-ECB9-415B-9F1C-368EC4E8737C}.Release|Any CPU.ActiveCfg = Release|Any CPU
		{B615CDBA-ECB9-415B-9F1C-368EC4E8737C}.Release|Any CPU.Build.0 = Release|Any CPU
	EndGlobalSection
	GlobalSection(SolutionProperties) = preSolution
		HideSolutionNode = FALSE
	EndGlobalSection
	GlobalSection(ExtensibilityGlobals) = postSolution
		SolutionGuid = {BB16D602-715D-4B1A-A4A1-FDB09C8B5555}
	EndGlobalSection
EndGlobal
